
Microsoft Visual Studio Solution File, Format Version 12.00
# Visual Studio 14
VisualStudioVersion = 14.0.25420.1
MinimumVisualStudioVersion = 10.0.40219.1
Project("{FAE04EC0-301F-11D3-BF4B-00C04F79EFBC}") = "001_Classes", "001_Classes\001_Classes.csproj", "{A9A8859A-D0C3-40B1-BF75-D67C47F09CA6}"
EndProject
Project("{FAE04EC0-301F-11D3-BF4B-00C04F79EFBC}") = "002_Heranca", "002_Heranca\002_Heranca.csproj", "{49527FAD-7E3D-4963-9D4E-2B8C29D24E6F}"
EndProject
Project("{FAE04EC0-301F-11D3-BF4B-00C04F79EFBC}") = "003_Polimorfismo", "003_Polimorfismo\003_Polimorfismo.csproj", "{E4762DA6-D0D5-41A7-A854-068EA221A533}"
EndProject
Project("{FAE04EC0-301F-11D3-BF4B-00C04F79EFBC}") = "004_Encapsulamento", "004_Encapsulamento\004_Encapsulamento.csproj", "{DC944674-43EB-4A15-A59D-97F27F672F0A}"
EndProject
Project("{FAE04EC0-301F-11D3-BF4B-00C04F79EFBC}") = "005_ClasseAbstrata", "005_ClasseAbstrata\005_ClasseAbstrata.csproj", "{4E757682-6BD1-49F4-971E-283EA4FEBA13}"
EndProject
Project("{FAE04EC0-301F-11D3-BF4B-00C04F79EFBC}") = "006_Interfaces", "006_Interfaces\006_Interfaces.csproj", "{8E043044-C6BB-49C3-854C-48370DD83927}"
EndProject
Project("{FAE04EC0-301F-11D3-BF4B-00C04F79EFBC}") = "007_Delegacao", "007_Delegacao\007_Delegacao.csproj", "{F89FBB3C-97DF-4ABB-8AA6-ECF24867B296}"
EndProject
Project("{FAE04EC0-301F-11D3-BF4B-00C04F79EFBC}") = "008_DP_Criacao_AbstractFactory", "008_DP_Criacao_AbstractFactory\008_DP_Criacao_AbstractFactory.csproj", "{CDF415EB-5D96-47BA-9695-83FAAC00BE79}"
EndProject
Project("{FAE04EC0-301F-11D3-BF4B-00C04F79EFBC}") = "009_DP_Criacao_Builder", "009_DP_Criacao_Builder\009_DP_Criacao_Builder.csproj", "{1441A286-5275-4CE8-8325-42453C2F833B}"
EndProject
Project("{FAE04EC0-301F-11D3-BF4B-00C04F79EFBC}") = "010_DP_Criacao_FactoryMethod", "0010_DP_Criacao_FactoryMethod\010_DP_Criacao_FactoryMethod.csproj", "{9C25BAC5-B7EC-4E14-A454-39648C4E425F}"
EndProject
Project("{FAE04EC0-301F-11D3-BF4B-00C04F79EFBC}") = "011_DP_Criacao_Prototype", "011_DP_Criacao_Prototype\011_DP_Criacao_Prototype.csproj", "{9A806244-EC2B-4EB8-B2C5-2DDAAC24D7F1}"
EndProject
Project("{FAE04EC0-301F-11D3-BF4B-00C04F79EFBC}") = "012_DP_Criacao_Singleton", "012_DP_Criacao_Singleton\012_DP_Criacao_Singleton.csproj", "{40C2B8F8-DF42-4F95-918A-F9E0C7BBF802}"
EndProject
Global
	GlobalSection(SolutionConfigurationPlatforms) = preSolution
		Debug|Any CPU = Debug|Any CPU
		Release|Any CPU = Release|Any CPU
	EndGlobalSection
	GlobalSection(ProjectConfigurationPlatforms) = postSolution
		{A9A8859A-D0C3-40B1-BF75-D67C47F09CA6}.Debug|Any CPU.ActiveCfg = Debug|Any CPU
		{A9A8859A-D0C3-40B1-BF75-D67C47F09CA6}.Debug|Any CPU.Build.0 = Debug|Any CPU
		{A9A8859A-D0C3-40B1-BF75-D67C47F09CA6}.Release|Any CPU.ActiveCfg = Release|Any CPU
		{A9A8859A-D0C3-40B1-BF75-D67C47F09CA6}.Release|Any CPU.Build.0 = Release|Any CPU
		{49527FAD-7E3D-4963-9D4E-2B8C29D24E6F}.Debug|Any CPU.ActiveCfg = Debug|Any CPU
		{49527FAD-7E3D-4963-9D4E-2B8C29D24E6F}.Debug|Any CPU.Build.0 = Debug|Any CPU
		{49527FAD-7E3D-4963-9D4E-2B8C29D24E6F}.Release|Any CPU.ActiveCfg = Release|Any CPU
		{49527FAD-7E3D-4963-9D4E-2B8C29D24E6F}.Release|Any CPU.Build.0 = Release|Any CPU
		{E4762DA6-D0D5-41A7-A854-068EA221A533}.Debug|Any CPU.ActiveCfg = Debug|Any CPU
		{E4762DA6-D0D5-41A7-A854-068EA221A533}.Debug|Any CPU.Build.0 = Debug|Any CPU
		{E4762DA6-D0D5-41A7-A854-068EA221A533}.Release|Any CPU.ActiveCfg = Release|Any CPU
		{E4762DA6-D0D5-41A7-A854-068EA221A533}.Release|Any CPU.Build.0 = Release|Any CPU
		{DC944674-43EB-4A15-A59D-97F27F672F0A}.Debug|Any CPU.ActiveCfg = Debug|Any CPU
		{DC944674-43EB-4A15-A59D-97F27F672F0A}.Debug|Any CPU.Build.0 = Debug|Any CPU
		{DC944674-43EB-4A15-A59D-97F27F672F0A}.Release|Any CPU.ActiveCfg = Release|Any CPU
		{DC944674-43EB-4A15-A59D-97F27F672F0A}.Release|Any CPU.Build.0 = Release|Any CPU
		{4E757682-6BD1-49F4-971E-283EA4FEBA13}.Debug|Any CPU.ActiveCfg = Debug|Any CPU
		{4E757682-6BD1-49F4-971E-283EA4FEBA13}.Debug|Any CPU.Build.0 = Debug|Any CPU
		{4E757682-6BD1-49F4-971E-283EA4FEBA13}.Release|Any CPU.ActiveCfg = Release|Any CPU
		{4E757682-6BD1-49F4-971E-283EA4FEBA13}.Release|Any CPU.Build.0 = Release|Any CPU
		{8E043044-C6BB-49C3-854C-48370DD83927}.Debug|Any CPU.ActiveCfg = Debug|Any CPU
		{8E043044-C6BB-49C3-854C-48370DD83927}.Debug|Any CPU.Build.0 = Debug|Any CPU
		{8E043044-C6BB-49C3-854C-48370DD83927}.Release|Any CPU.ActiveCfg = Release|Any CPU
		{8E043044-C6BB-49C3-854C-48370DD83927}.Release|Any CPU.Build.0 = Release|Any CPU
		{F89FBB3C-97DF-4ABB-8AA6-ECF24867B296}.Debug|Any CPU.ActiveCfg = Debug|Any CPU
		{F89FBB3C-97DF-4ABB-8AA6-ECF24867B296}.Debug|Any CPU.Build.0 = Debug|Any CPU
		{F89FBB3C-97DF-4ABB-8AA6-ECF24867B296}.Release|Any CPU.ActiveCfg = Release|Any CPU
		{F89FBB3C-97DF-4ABB-8AA6-ECF24867B296}.Release|Any CPU.Build.0 = Release|Any CPU
		{CDF415EB-5D96-47BA-9695-83FAAC00BE79}.Debug|Any CPU.ActiveCfg = Debug|Any CPU
		{CDF415EB-5D96-47BA-9695-83FAAC00BE79}.Debug|Any CPU.Build.0 = Debug|Any CPU
		{CDF415EB-5D96-47BA-9695-83FAAC00BE79}.Release|Any CPU.ActiveCfg = Release|Any CPU
		{CDF415EB-5D96-47BA-9695-83FAAC00BE79}.Release|Any CPU.Build.0 = Release|Any CPU
		{1441A286-5275-4CE8-8325-42453C2F833B}.Debug|Any CPU.ActiveCfg = Debug|Any CPU
		{1441A286-5275-4CE8-8325-42453C2F833B}.Debug|Any CPU.Build.0 = Debug|Any CPU
		{1441A286-5275-4CE8-8325-42453C2F833B}.Release|Any CPU.ActiveCfg = Release|Any CPU
		{1441A286-5275-4CE8-8325-42453C2F833B}.Release|Any CPU.Build.0 = Release|Any CPU
		{9C25BAC5-B7EC-4E14-A454-39648C4E425F}.Debug|Any CPU.ActiveCfg = Debug|Any CPU
		{9C25BAC5-B7EC-4E14-A454-39648C4E425F}.Debug|Any CPU.Build.0 = Debug|Any CPU
		{9C25BAC5-B7EC-4E14-A454-39648C4E425F}.Release|Any CPU.ActiveCfg = Release|Any CPU
		{9C25BAC5-B7EC-4E14-A454-39648C4E425F}.Release|Any CPU.Build.0 = Release|Any CPU
		{9A806244-EC2B-4EB8-B2C5-2DDAAC24D7F1}.Debug|Any CPU.ActiveCfg = Debug|Any CPU
		{9A806244-EC2B-4EB8-B2C5-2DDAAC24D7F1}.Debug|Any CPU.Build.0 = Debug|Any CPU
		{9A806244-EC2B-4EB8-B2C5-2DDAAC24D7F1}.Release|Any CPU.ActiveCfg = Release|Any CPU
		{9A806244-EC2B-4EB8-B2C5-2DDAAC24D7F1}.Release|Any CPU.Build.0 = Release|Any CPU
		{40C2B8F8-DF42-4F95-918A-F9E0C7BBF802}.Debug|Any CPU.ActiveCfg = Debug|Any CPU
		{40C2B8F8-DF42-4F95-918A-F9E0C7BBF802}.Debug|Any CPU.Build.0 = Debug|Any CPU
		{40C2B8F8-DF42-4F95-918A-F9E0C7BBF802}.Release|Any CPU.ActiveCfg = Release|Any CPU
		{40C2B8F8-DF42-4F95-918A-F9E0C7BBF802}.Release|Any CPU.Build.0 = Release|Any CPU
	EndGlobalSection
	GlobalSection(SolutionProperties) = preSolution
		HideSolutionNode = FALSE
	EndGlobalSection
EndGlobal
